
Microsoft Visual Studio Solution File, Format Version 12.00
# Visual Studio Version 17
VisualStudioVersion = 17.3.32929.385
MinimumVisualStudioVersion = 10.0.40219.1
Project("{FAE04EC0-301F-11D3-BF4B-00C04F79EFBC}") = "Kae.DomainModel.CSharp.Utility.Application.AzureDigitalTwinsFunction", "AzureDigitalTwinsAdaptorForCsharpFramework\Kae.DomainModel.CSharp.Utility.Application.AzureDigitalTwinsFunction.csproj", "{3D4C1A66-1AC3-47E7-B7D6-852BDC8A0D62}"
EndProject
Project("{9A19103F-16F7-4668-BE54-9A1E7A4F7556}") = "ADTTestModel", "ADTTestModel\ADTTestModel.csproj", "{6274DD22-6DA3-4132-9B08-B86B2F07E02D}"
EndProject
Global
	GlobalSection(SolutionConfigurationPlatforms) = preSolution
		Debug|Any CPU = Debug|Any CPU
		Release|Any CPU = Release|Any CPU
	EndGlobalSection
	GlobalSection(ProjectConfigurationPlatforms) = postSolution
		{3D4C1A66-1AC3-47E7-B7D6-852BDC8A0D62}.Debug|Any CPU.ActiveCfg = Debug|Any CPU
		{3D4C1A66-1AC3-47E7-B7D6-852BDC8A0D62}.Debug|Any CPU.Build.0 = Debug|Any CPU
		{3D4C1A66-1AC3-47E7-B7D6-852BDC8A0D62}.Release|Any CPU.ActiveCfg = Release|Any CPU
		{3D4C1A66-1AC3-47E7-B7D6-852BDC8A0D62}.Release|Any CPU.Build.0 = Release|Any CPU
		{6274DD22-6DA3-4132-9B08-B86B2F07E02D}.Debug|Any CPU.ActiveCfg = Debug|Any CPU
		{6274DD22-6DA3-4132-9B08-B86B2F07E02D}.Debug|Any CPU.Build.0 = Debug|Any CPU
		{6274DD22-6DA3-4132-9B08-B86B2F07E02D}.Release|Any CPU.ActiveCfg = Release|Any CPU
		{6274DD22-6DA3-4132-9B08-B86B2F07E02D}.Release|Any CPU.Build.0 = Release|Any CPU
	EndGlobalSection
	GlobalSection(SolutionProperties) = preSolution
		HideSolutionNode = FALSE
	EndGlobalSection
	GlobalSection(ExtensibilityGlobals) = postSolution
		SolutionGuid = {639E7EA5-A711-4757-BE27-3FC33C550B5C}
	EndGlobalSection
EndGlobal
